
Microsoft Visual Studio Solution File, Format Version 12.00
# Visual Studio 15
VisualStudioVersion = 15.0.27004.2009
MinimumVisualStudioVersion = 10.0.40219.1
Project("{FAE04EC0-301F-11D3-BF4B-00C04F79EFBC}") = "cinema_otomation", "cinema_otomation\cinema_otomation.csproj", "{31DED7C3-9943-42C4-8309-3E6F35F2C1C5}"
EndProject
Global
	GlobalSection(SolutionConfigurationPlatforms) = preSolution
		Debug|Any CPU = Debug|Any CPU
		Release|Any CPU = Release|Any CPU
	EndGlobalSection
	GlobalSection(ProjectConfigurationPlatforms) = postSolution
		{31DED7C3-9943-42C4-8309-3E6F35F2C1C5}.Debug|Any CPU.ActiveCfg = Debug|Any CPU
		{31DED7C3-9943-42C4-8309-3E6F35F2C1C5}.Debug|Any CPU.Build.0 = Debug|Any CPU
		{31DED7C3-9943-42C4-8309-3E6F35F2C1C5}.Release|Any CPU.ActiveCfg = Release|Any CPU
		{31DED7C3-9943-42C4-8309-3E6F35F2C1C5}.Release|Any CPU.Build.0 = Release|Any CPU
	EndGlobalSection
	GlobalSection(SolutionProperties) = preSolution
		HideSolutionNode = FALSE
	EndGlobalSection
	GlobalSection(ExtensibilityGlobals) = postSolution
		SolutionGuid = {46A5BCF4-2390-48CA-A1C5-452B5FD72A0B}
	EndGlobalSection
EndGlobal
